
Microsoft Visual Studio Solution File, Format Version 12.00
# Visual Studio Version 17
VisualStudioVersion = 17.3.32901.215
MinimumVisualStudioVersion = 10.0.40219.1
Project("{FAE04EC0-301F-11D3-BF4B-00C04F79EFBC}") = "Master Mind", "Master Mind.csproj", "{D7479AA6-5B44-4974-9792-DC72EFB9C692}"
EndProject
Global
	GlobalSection(SolutionConfigurationPlatforms) = preSolution
		Debug|Any CPU = Debug|Any CPU
		Release|Any CPU = Release|Any CPU
	EndGlobalSection
	GlobalSection(ProjectConfigurationPlatforms) = postSolution
		{D7479AA6-5B44-4974-9792-DC72EFB9C692}.Debug|Any CPU.ActiveCfg = Debug|Any CPU
		{D7479AA6-5B44-4974-9792-DC72EFB9C692}.Debug|Any CPU.Build.0 = Debug|Any CPU
		{D7479AA6-5B44-4974-9792-DC72EFB9C692}.Release|Any CPU.ActiveCfg = Release|Any CPU
		{D7479AA6-5B44-4974-9792-DC72EFB9C692}.Release|Any CPU.Build.0 = Release|Any CPU
	EndGlobalSection
	GlobalSection(SolutionProperties) = preSolution
		HideSolutionNode = FALSE
	EndGlobalSection
	GlobalSection(ExtensibilityGlobals) = postSolution
		SolutionGuid = {40CE4916-036F-4226-9EF8-C7C88E5F6DEF}
	EndGlobalSection
EndGlobal
